
Microsoft Visual Studio Solution File, Format Version 12.00
# Visual Studio Version 17
VisualStudioVersion = 17.10.35013.160
MinimumVisualStudioVersion = 10.0.40219.1
Project("{FAE04EC0-301F-11D3-BF4B-00C04F79EFBC}") = "ADSPortEx2", "ADSPortEx2\ADSPortEx2.csproj", "{FFF2D5E0-4CC8-4973-B017-74191DBAA3AE}"
EndProject
Global
	GlobalSection(SolutionConfigurationPlatforms) = preSolution
		Debug|Any CPU = Debug|Any CPU
		Release|Any CPU = Release|Any CPU
	EndGlobalSection
	GlobalSection(ProjectConfigurationPlatforms) = postSolution
		{FFF2D5E0-4CC8-4973-B017-74191DBAA3AE}.Debug|Any CPU.ActiveCfg = Debug|Any CPU
		{FFF2D5E0-4CC8-4973-B017-74191DBAA3AE}.Debug|Any CPU.Build.0 = Debug|Any CPU
		{FFF2D5E0-4CC8-4973-B017-74191DBAA3AE}.Release|Any CPU.ActiveCfg = Release|Any CPU
		{FFF2D5E0-4CC8-4973-B017-74191DBAA3AE}.Release|Any CPU.Build.0 = Release|Any CPU
	EndGlobalSection
	GlobalSection(SolutionProperties) = preSolution
		HideSolutionNode = FALSE
	EndGlobalSection
	GlobalSection(ExtensibilityGlobals) = postSolution
		SolutionGuid = {384249B1-FE20-483E-A740-67641253777C}
	EndGlobalSection
EndGlobal
